
Microsoft Visual Studio Solution File, Format Version 12.00
# Visual Studio Version 16
VisualStudioVersion = 16.0.31424.327
MinimumVisualStudioVersion = 10.0.40219.1
Project("{FAE04EC0-301F-11D3-BF4B-00C04F79EFBC}") = "DifferentBubbleSort", "DifferentBubbleSort\DifferentBubbleSort.csproj", "{88EB5DC0-7401-4FD3-BCEB-6982CBBD8FDD}"
EndProject
Project("{2150E333-8FDC-42A3-9474-1A3956D46DE8}") = "Solution Items", "Solution Items", "{5C756A25-246F-46C4-86BC-6DD8D3AAC029}"
	ProjectSection(SolutionItems) = preProject
		readme.md = readme.md
	EndProjectSection
EndProject
Global
	GlobalSection(SolutionConfigurationPlatforms) = preSolution
		Debug|Any CPU = Debug|Any CPU
		Release|Any CPU = Release|Any CPU
	EndGlobalSection
	GlobalSection(ProjectConfigurationPlatforms) = postSolution
		{88EB5DC0-7401-4FD3-BCEB-6982CBBD8FDD}.Debug|Any CPU.ActiveCfg = Debug|Any CPU
		{88EB5DC0-7401-4FD3-BCEB-6982CBBD8FDD}.Debug|Any CPU.Build.0 = Debug|Any CPU
		{88EB5DC0-7401-4FD3-BCEB-6982CBBD8FDD}.Release|Any CPU.ActiveCfg = Release|Any CPU
		{88EB5DC0-7401-4FD3-BCEB-6982CBBD8FDD}.Release|Any CPU.Build.0 = Release|Any CPU
	EndGlobalSection
	GlobalSection(SolutionProperties) = preSolution
		HideSolutionNode = FALSE
	EndGlobalSection
	GlobalSection(ExtensibilityGlobals) = postSolution
		SolutionGuid = {B283D5DD-AECF-4D5E-84AC-CA3609EEF012}
	EndGlobalSection
EndGlobal
